{
  "requires": true,
  "lockfileVersion": 1,
  "dependencies": {
    "ngx-spinner": {
      "version": "8.1.0",
      "resolved": "https://registry.npmjs.org/ngx-spinner/-/ngx-spinner-8.1.0.tgz",
      "integrity": "sha512-VtIcKsxe+cNj9zCelNesSJZ/xarjxKL86GQG9h4JM++/Hf7HUJtPDBWXZ6lBk0CpgWdJ4++XX3aeOntI92ApEw==",
      "requires": {
        "tslib": "^1.9.0"
      }
    },
    "tslib": {
      "version": "1.10.0",
      "resolved": "https://registry.npmjs.org/tslib/-/tslib-1.10.0.tgz",
      "integrity": "sha512-qOebF53frne81cf0S9B41ByenJ3/IuH8yJKngAX35CmiZySA0khhkovshKK+jGCaMnVomla7gVlIcc3EvKPbTQ=="
    }
  }
}
